%{
  "amqp": {:hex, :amqp, "3.3.0", "056d9f4bac96c3ab5a904b321e70e78b91ba594766a1fc2f32afd9c016d9f43b", [:mix], [{:amqp_client, "~> 3.9", [hex: :amqp_client, repo: "hexpm", optional: false]}], "hexpm", "8d3ae139d2646c630d674a1b8d68c7f85134f9e8b2a1c3dd5621616994b10a8b"},
  "amqp_client": {:hex, :amqp_client, "3.12.6", "b0050183bb4cfbd5b3f9a3276689dfa135a196aedc3584110f231b2ce04b0426", [:make, :rebar3], [{:credentials_obfuscation, "3.4.0", [hex: :credentials_obfuscation, repo: "hexpm", optional: false]}, {:rabbit_common, "3.12.6", [hex: :rabbit_common, repo: "hexpm", optional: false]}], "hexpm", "b856f6404e7af98c90da870c8ce50d1380f13f2cee02f16564b5cc5142bae308"},
  "castore": {:hex, :castore, "1.0.4", "ff4d0fb2e6411c0479b1d965a814ea6d00e51eb2f58697446e9c41a97d940b28", [:mix], [], "hexpm", "9418c1b8144e11656f0be99943db4caf04612e3eaecefb5dae9a2a87565584f8"},
  "cowboy": {:hex, :cowboy, "2.10.0", "ff9ffeff91dae4ae270dd975642997afe2a1179d94b1887863e43f681a203e26", [:make, :rebar3], [{:cowlib, "2.12.1", [hex: :cowlib, repo: "hexpm", optional: false]}, {:ranch, "1.8.0", [hex: :ranch, repo: "hexpm", optional: false]}], "hexpm", "3afdccb7183cc6f143cb14d3cf51fa00e53db9ec80cdcd525482f5e99bc41d6b"},
  "cowboy_telemetry": {:hex, :cowboy_telemetry, "0.4.0", "f239f68b588efa7707abce16a84d0d2acf3a0f50571f8bb7f56a15865aae820c", [:rebar3], [{:cowboy, "~> 2.7", [hex: :cowboy, repo: "hexpm", optional: false]}, {:telemetry, "~> 1.0", [hex: :telemetry, repo: "hexpm", optional: false]}], "hexpm", "7d98bac1ee4565d31b62d59f8823dfd8356a169e7fcbb83831b8a5397404c9de"},
  "cowlib": {:hex, :cowlib, "2.12.1", "a9fa9a625f1d2025fe6b462cb865881329b5caff8f1854d1cbc9f9533f00e1e1", [:make, :rebar3], [], "hexpm", "163b73f6367a7341b33c794c4e88e7dbfe6498ac42dcd69ef44c5bc5507c8db0"},
  "credentials_obfuscation": {:hex, :credentials_obfuscation, "3.4.0", "34e18b126b3aefd6e8143776fbe1ceceea6792307c99ac5ee8687911f048cfd7", [:rebar3], [], "hexpm", "738ace0ed5545d2710d3f7383906fc6f6b582d019036e5269c4dbd85dbced566"},
  "db_connection": {:hex, :db_connection, "2.5.0", "bb6d4f30d35ded97b29fe80d8bd6f928a1912ca1ff110831edcd238a1973652c", [:mix], [{:telemetry, "~> 0.4 or ~> 1.0", [hex: :telemetry, repo: "hexpm", optional: false]}], "hexpm", "c92d5ba26cd69ead1ff7582dbb860adeedfff39774105a4f1c92cbb654b55aa2"},
  "decimal": {:hex, :decimal, "2.1.1", "5611dca5d4b2c3dd497dec8f68751f1f1a54755e8ed2a966c2633cf885973ad6", [:mix], [], "hexpm", "53cfe5f497ed0e7771ae1a475575603d77425099ba5faef9394932b35020ffcc"},
  "dotenv": {:hex, :dotenv, "3.1.0", "d5a76bb17dc28acfb5236655bbe5776a1ffbdc8d3589fc992de0882b3ae4bc10", [:mix], [], "hexpm", "01bed84d21bedd8739aebad16489a3ce12d19c2d59af87377da65ebb361980d3"},
  "finch": {:hex, :finch, "0.16.0", "40733f02c89f94a112518071c0a91fe86069560f5dbdb39f9150042f44dcfb1a", [:mix], [{:castore, "~> 0.1 or ~> 1.0", [hex: :castore, repo: "hexpm", optional: false]}, {:mime, "~> 1.0 or ~> 2.0", [hex: :mime, repo: "hexpm", optional: false]}, {:mint, "~> 1.3", [hex: :mint, repo: "hexpm", optional: false]}, {:nimble_options, "~> 0.4 or ~> 1.0", [hex: :nimble_options, repo: "hexpm", optional: false]}, {:nimble_pool, "~> 0.2.6 or ~> 1.0", [hex: :nimble_pool, repo: "hexpm", optional: false]}, {:telemetry, "~> 0.4 or ~> 1.0", [hex: :telemetry, repo: "hexpm", optional: false]}], "hexpm", "f660174c4d519e5fec629016054d60edd822cdfe2b7270836739ac2f97735ec5"},
  "hpax": {:hex, :hpax, "0.1.2", "09a75600d9d8bbd064cdd741f21fc06fc1f4cf3d0fcc335e5aa19be1a7235c84", [:mix], [], "hexpm", "2c87843d5a23f5f16748ebe77969880e29809580efdaccd615cd3bed628a8c13"},
  "jason": {:hex, :jason, "1.4.1", "af1504e35f629ddcdd6addb3513c3853991f694921b1b9368b0bd32beb9f1b63", [:mix], [{:decimal, "~> 1.0 or ~> 2.0", [hex: :decimal, repo: "hexpm", optional: true]}], "hexpm", "fbb01ecdfd565b56261302f7e1fcc27c4fb8f32d56eab74db621fc154604a7a1"},
  "mime": {:hex, :mime, "2.0.5", "dc34c8efd439abe6ae0343edbb8556f4d63f178594894720607772a041b04b02", [:mix], [], "hexpm", "da0d64a365c45bc9935cc5c8a7fc5e49a0e0f9932a761c55d6c52b142780a05c"},
  "mint": {:hex, :mint, "1.5.1", "8db5239e56738552d85af398798c80648db0e90f343c8469f6c6d8898944fb6f", [:mix], [{:castore, "~> 0.1.0 or ~> 1.0", [hex: :castore, repo: "hexpm", optional: true]}, {:hpax, "~> 0.1.1", [hex: :hpax, repo: "hexpm", optional: false]}], "hexpm", "4a63e1e76a7c3956abd2c72f370a0d0aecddc3976dea5c27eccbecfa5e7d5b1e"},
  "mongodb_driver": {:hex, :mongodb_driver, "1.2.0", "b014b5d1040e75143237ba6a7cf56bbf00bb7f5477352f105811bd340809166c", [:mix], [{:db_connection, "~> 2.5.0", [hex: :db_connection, repo: "hexpm", optional: false]}, {:decimal, "~> 2.1.1", [hex: :decimal, repo: "hexpm", optional: false]}, {:telemetry, "~> 1.0", [hex: :telemetry, repo: "hexpm", optional: false]}], "hexpm", "55883ba622007cb41406a9225063aa52e345c3db3f6dfa44ef97e603f772cc23"},
  "nimble_options": {:hex, :nimble_options, "1.0.2", "92098a74df0072ff37d0c12ace58574d26880e522c22801437151a159392270e", [:mix], [], "hexpm", "fd12a8db2021036ce12a309f26f564ec367373265b53e25403f0ee697380f1b8"},
  "nimble_pool": {:hex, :nimble_pool, "1.0.0", "5eb82705d138f4dd4423f69ceb19ac667b3b492ae570c9f5c900bb3d2f50a847", [:mix], [], "hexpm", "80be3b882d2d351882256087078e1b1952a28bf98d0a287be87e4a24a710b67a"},
  "plug": {:hex, :plug, "1.15.1", "b7efd81c1a1286f13efb3f769de343236bd8b7d23b4a9f40d3002fc39ad8f74c", [:mix], [{:mime, "~> 1.0 or ~> 2.0", [hex: :mime, repo: "hexpm", optional: false]}, {:plug_crypto, "~> 1.1.1 or ~> 1.2 or ~> 2.0", [hex: :plug_crypto, repo: "hexpm", optional: false]}, {:telemetry, "~> 0.4.3 or ~> 1.0", [hex: :telemetry, repo: "hexpm", optional: false]}], "hexpm", "459497bd94d041d98d948054ec6c0b76feacd28eec38b219ca04c0de13c79d30"},
  "plug_cowboy": {:hex, :plug_cowboy, "2.6.1", "9a3bbfceeb65eff5f39dab529e5cd79137ac36e913c02067dba3963a26efe9b2", [:mix], [{:cowboy, "~> 2.7", [hex: :cowboy, repo: "hexpm", optional: false]}, {:cowboy_telemetry, "~> 0.3", [hex: :cowboy_telemetry, repo: "hexpm", optional: false]}, {:plug, "~> 1.14", [hex: :plug, repo: "hexpm", optional: false]}], "hexpm", "de36e1a21f451a18b790f37765db198075c25875c64834bcc82d90b309eb6613"},
  "plug_crypto": {:hex, :plug_crypto, "2.0.0", "77515cc10af06645abbfb5e6ad7a3e9714f805ae118fa1a70205f80d2d70fe73", [:mix], [], "hexpm", "53695bae57cc4e54566d993eb01074e4d894b65a3766f1c43e2c61a1b0f45ea9"},
  "rabbit_common": {:hex, :rabbit_common, "3.12.6", "febd37e11483f94b614cd636c1edbce1099ff64866598f75d0a624d3a60437c6", [:make, :rebar3], [{:credentials_obfuscation, "3.4.0", [hex: :credentials_obfuscation, repo: "hexpm", optional: false]}, {:recon, "2.5.3", [hex: :recon, repo: "hexpm", optional: false]}, {:thoas, "1.0.0", [hex: :thoas, repo: "hexpm", optional: false]}], "hexpm", "d85282c8c9be456b42aa4b265ede68d176ca8a28dfcf1d521be19267167c0dc3"},
  "ranch": {:hex, :ranch, "1.8.0", "8c7a100a139fd57f17327b6413e4167ac559fbc04ca7448e9be9057311597a1d", [:make, :rebar3], [], "hexpm", "49fbcfd3682fab1f5d109351b61257676da1a2fdbe295904176d5e521a2ddfe5"},
  "recon": {:hex, :recon, "2.5.3", "739107b9050ea683c30e96de050bc59248fd27ec147696f79a8797ff9fa17153", [:mix, :rebar3], [], "hexpm", "6c6683f46fd4a1dfd98404b9f78dcabc7fcd8826613a89dcb984727a8c3099d7"},
  "redix": {:hex, :redix, "1.2.3", "3036e7c6080c42e1bbaa9168d1e28e367b01e8960a640a899b8ef8067273cb5e", [:mix], [{:castore, "~> 0.1.0 or ~> 1.0", [hex: :castore, repo: "hexpm", optional: true]}, {:nimble_options, "~> 0.5.0 or ~> 1.0", [hex: :nimble_options, repo: "hexpm", optional: false]}, {:telemetry, "~> 0.4.0 or ~> 1.0", [hex: :telemetry, repo: "hexpm", optional: false]}], "hexpm", "14e2bca8a03fad297a78a3d201032df260ee5f0e0ef9c173c0f9ca5b3e0331b7"},
  "telemetry": {:hex, :telemetry, "1.2.1", "68fdfe8d8f05a8428483a97d7aab2f268aaff24b49e0f599faa091f1d4e7f61c", [:rebar3], [], "hexpm", "dad9ce9d8effc621708f99eac538ef1cbe05d6a874dd741de2e689c47feafed5"},
  "thoas": {:hex, :thoas, "1.0.0", "567c03902920827a18a89f05b79a37b5bf93553154b883e0131801600cf02ce0", [:rebar3], [], "hexpm", "fc763185b932ecb32a554fb735ee03c3b6b1b31366077a2427d2a97f3bd26735"},
}
